
Microsoft Visual Studio Solution File, Format Version 12.00
# Visual Studio Version 16
VisualStudioVersion = 16.0.30204.135
MinimumVisualStudioVersion = 10.0.40219.1
Project("{FAE04EC0-301F-11D3-BF4B-00C04F79EFBC}") = "BikeDealingCore", "BikeDealingCore\BikeDealingCore.csproj", "{B241AB2B-B1F3-4508-9616-73FC5C1B7413}"
EndProject
Global
	GlobalSection(SolutionConfigurationPlatforms) = preSolution
		Debug|Any CPU = Debug|Any CPU
		Release|Any CPU = Release|Any CPU
	EndGlobalSection
	GlobalSection(ProjectConfigurationPlatforms) = postSolution
		{B241AB2B-B1F3-4508-9616-73FC5C1B7413}.Debug|Any CPU.ActiveCfg = Debug|Any CPU
		{B241AB2B-B1F3-4508-9616-73FC5C1B7413}.Debug|Any CPU.Build.0 = Debug|Any CPU
		{B241AB2B-B1F3-4508-9616-73FC5C1B7413}.Release|Any CPU.ActiveCfg = Release|Any CPU
		{B241AB2B-B1F3-4508-9616-73FC5C1B7413}.Release|Any CPU.Build.0 = Release|Any CPU
	EndGlobalSection
	GlobalSection(SolutionProperties) = preSolution
		HideSolutionNode = FALSE
	EndGlobalSection
	GlobalSection(ExtensibilityGlobals) = postSolution
		SolutionGuid = {CC369EE7-E1EA-481E-A3A1-75679028870C}
	EndGlobalSection
EndGlobal
